
Microsoft Visual Studio Solution File, Format Version 12.00
# Visual Studio Version 16
VisualStudioVersion = 16.0.31624.102
MinimumVisualStudioVersion = 10.0.40219.1
Project("{FAE04EC0-301F-11D3-BF4B-00C04F79EFBC}") = "astjkld", "astjkld\astjkld.csproj", "{C3CC8E88-7293-4CC7-BBDA-B831398A3EA5}"
EndProject
Global
	GlobalSection(SolutionConfigurationPlatforms) = preSolution
		Debug|Any CPU = Debug|Any CPU
		Release|Any CPU = Release|Any CPU
	EndGlobalSection
	GlobalSection(ProjectConfigurationPlatforms) = postSolution
		{C3CC8E88-7293-4CC7-BBDA-B831398A3EA5}.Debug|Any CPU.ActiveCfg = Debug|Any CPU
		{C3CC8E88-7293-4CC7-BBDA-B831398A3EA5}.Debug|Any CPU.Build.0 = Debug|Any CPU
		{C3CC8E88-7293-4CC7-BBDA-B831398A3EA5}.Release|Any CPU.ActiveCfg = Release|Any CPU
		{C3CC8E88-7293-4CC7-BBDA-B831398A3EA5}.Release|Any CPU.Build.0 = Release|Any CPU
	EndGlobalSection
	GlobalSection(SolutionProperties) = preSolution
		HideSolutionNode = FALSE
	EndGlobalSection
	GlobalSection(ExtensibilityGlobals) = postSolution
		SolutionGuid = {31566057-3D60-493B-8303-F0EDFA65290E}
	EndGlobalSection
EndGlobal
